{
  "name": "@dhicoc/dsh-reverse-skill",
  "version": "1.0.3",
  "lockfileVersion": 3,
  "requires": true,
  "packages": {
    "": {
      "name": "@dhicoc/dsh-reverse-skill",
      "version": "1.0.3",
      "license": "MIT",
      "devDependencies": {
        "@deepseek-ai/cordis": "^4.0.1",
        "@deepseek-ai/dsh-skill": "^0.0.1-rc.1",
        "@types/node": "^22.0.0",
        "typescript": "^5.5.0"
      },
      "peerDependencies": {
        "@deepseek-ai/cordis": "^4.0.1",
        "@deepseek-ai/dsh-skill": "^0.0.1-rc.1"
      }
    },
    "node_modules/@deepseek-ai/cordis": {
      "version": "4.0.1",
      "resolved": "https://repo.huaweicloud.com/repository/npm/@deepseek-ai/cordis/-/cordis-4.0.1.tgz",
      "integrity": "sha512-YBdskTU2Po1kru3GgcUWUbkTsPMA9LkSQDAY8rBkFJeajdgcQad3QPJZE26JyK99Xb6HaASvoXg2DSUTeN/0Nw==",
      "dev": true,
      "license": "MIT",
      "dependencies": {
        "@deepseek-ai/cosmokit": "^1.8.2",
        "@standard-schema/spec": "^1.1.0"
      },
      "bin": {
        "cordis": "bin.js"
      },
      "peerDependencies": {
        "@deepseek-ai/cordis-plugin-include": "^1.0.6",
        "@deepseek-ai/cordis-plugin-loader": "^1.0.2"
      },
      "peerDependenciesMeta": {
        "@deepseek-ai/cordis-plugin-include": {
          "optional": true
        },
        "@deepseek-ai/cordis-plugin-loader": {
          "optional": true
        }
      }
    },
    "node_modules/@deepseek-ai/cosmokit": {
      "version": "1.8.2",
      "resolved": "https://repo.huaweicloud.com/repository/npm/@deepseek-ai/cosmokit/-/cosmokit-1.8.2.tgz",
      "integrity": "sha512-muBOKtSrUKU5m/xpq8ZXWL6hQ/jgd4PhU2PqH97bcxIiLEJfNwZOGQEx4t/aS/GgxRAR+ra9pMHPMtTHU4sqqA==",
      "dev": true,
      "license": "MIT"
    },
    "node_modules/@deepseek-ai/dsh-attachment": {
      "version": "0.0.1-rc.1",
      "resolved": "https://repo.huaweicloud.com/repository/npm/@deepseek-ai/dsh-attachment/-/dsh-attachment-0.0.1-rc.1.tgz",
      "integrity": "sha512-zBBw6h+YKOf7U8uEZezbFUjLsA8VU1GfCIUonAZHG2hWDWhWbrGaoO9fL8KyncEDSWMLMoIoGo+ZxDEPVJZYOA==",
      "dev": true,
      "license": "BSD-3-Clause",
      "peer": true,
      "peerDependencies": {
        "@deepseek-ai/cordis": "^4.0.1-rc.1",
        "@deepseek-ai/dsh-brand": "^0.0.1-rc.1",
        "@deepseek-ai/dsh-invariants": "^0.0.1-rc.1"
      }
    },
    "node_modules/@deepseek-ai/dsh-brand": {
      "version": "0.0.1-rc.1",
      "resolved": "https://repo.huaweicloud.com/repository/npm/@deepseek-ai/dsh-brand/-/dsh-brand-0.0.1-rc.1.tgz",
      "integrity": "sha512-XhwNAugG/baCVA+BMMvjihYi9XMLcDUew3G63i+ATWIZCvpx8CghbgcV93DEeMH2sqhNuQAssmHgXkpRld3gyQ==",
      "dev": true,
      "license": "BSD-3-Clause",
      "peer": true,
      "peerDependencies": {
        "@deepseek-ai/cordis": "^4.0.1-rc.1",
        "@deepseek-ai/dsh-invariants": "^0.0.1-rc.1"
      }
    },
    "node_modules/@deepseek-ai/dsh-invariants": {
      "version": "0.0.1-rc.1",
      "resolved": "https://repo.huaweicloud.com/repository/npm/@deepseek-ai/dsh-invariants/-/dsh-invariants-0.0.1-rc.1.tgz",
      "integrity": "sha512-ZoGCGColviu3Tkdnv9hMkgBE4eg0hAz5GXR/knqRf7mJUeBlTCya2dIckYlqekYmp5L+1AeWxf9j+Lv1YRcvXw==",
      "dev": true,
      "license": "BSD-3-Clause",
      "peer": true,
      "dependencies": {
        "@deepseek-ai/schemastery": "^3.18.1-rc.1"
      },
      "peerDependencies": {
        "@deepseek-ai/cordis": "^4.0.1-rc.1"
      }
    },
    "node_modules/@deepseek-ai/dsh-llm": {
      "version": "0.0.1-rc.1",
      "resolved": "https://repo.huaweicloud.com/repository/npm/@deepseek-ai/dsh-llm/-/dsh-llm-0.0.1-rc.1.tgz",
      "integrity": "sha512-mRJj07IQNfRReGrhpMpL8AONiYKqfwzxvepg/ut9Wkj8oH2BuoftPS4cMnnXFFCUlYql04/sezwDLriYks/bmw==",
      "dev": true,
      "license": "BSD-3-Clause",
      "peer": true,
      "dependencies": {
        "@deepseek-ai/schemastery": "^3.18.1-rc.1"
      },
      "peerDependencies": {
        "@deepseek-ai/cordis": "^4.0.1-rc.1",
        "@deepseek-ai/dsh-attachment": "^0.0.1-rc.1",
        "@deepseek-ai/dsh-brand": "^0.0.1-rc.1",
        "@deepseek-ai/dsh-invariants": "^0.0.1-rc.1",
        "@deepseek-ai/dsh-timeout": "^0.0.1-rc.1"
      }
    },
    "node_modules/@deepseek-ai/dsh-scope": {
      "version": "0.0.1-rc.1",
      "resolved": "https://repo.huaweicloud.com/repository/npm/@deepseek-ai/dsh-scope/-/dsh-scope-0.0.1-rc.1.tgz",
      "integrity": "sha512-XJa74NACc/285kF7Tak2nA+dlNpSTN77cV9SMhl75Bzu1y7p9+VgSMJfd6ydBsYVtDcAwzbon4wSS1u9AiI5VQ==",
      "dev": true,
      "license": "BSD-3-Clause",
      "peer": true,
      "peerDependencies": {
        "@deepseek-ai/cordis": "^4.0.1-rc.1",
        "@deepseek-ai/dsh-invariants": "^0.0.1-rc.1"
      }
    },
    "node_modules/@deepseek-ai/dsh-skill": {
      "version": "0.0.1-rc.1",
      "resolved": "https://repo.huaweicloud.com/repository/npm/@deepseek-ai/dsh-skill/-/dsh-skill-0.0.1-rc.1.tgz",
      "integrity": "sha512-YFBnqfZqBbid9iZpopgtXhbPzWOroj2s/DldaJ1xTWpQVyVVT2UOTDFRgxVAHkuZJMy79iv0a8br3Hu+3Gcl0Q==",
      "dev": true,
      "license": "BSD-3-Clause",
      "dependencies": {
        "@deepseek-ai/schemastery": "^3.18.1-rc.1"
      },
      "peerDependencies": {
        "@deepseek-ai/cordis": "^4.0.1-rc.1",
        "@deepseek-ai/dsh-invariants": "^0.0.1-rc.1",
        "@deepseek-ai/dsh-llm": "^0.0.1-rc.1",
        "@deepseek-ai/dsh-scope": "^0.0.1-rc.1"
      }
    },
    "node_modules/@deepseek-ai/dsh-timeout": {
      "version": "0.0.1-rc.1",
      "resolved": "https://repo.huaweicloud.com/repository/npm/@deepseek-ai/dsh-timeout/-/dsh-timeout-0.0.1-rc.1.tgz",
      "integrity": "sha512-lIMhY/JqA+eLpXXUN33xA7mlAYeHTDTWfcJ3CmEtplvGnvpDAHQ6oPeFs9JtWcfKbuNDZFMNutyhD0qoRkFQeg==",
      "dev": true,
      "license": "BSD-3-Clause",
      "peer": true,
      "peerDependencies": {
        "@deepseek-ai/cordis": "^4.0.1-rc.1",
        "@deepseek-ai/dsh-invariants": "^0.0.1-rc.1"
      }
    },
    "node_modules/@deepseek-ai/schemastery": {
      "version": "3.18.1",
      "resolved": "https://repo.huaweicloud.com/repository/npm/@deepseek-ai/schemastery/-/schemastery-3.18.1.tgz",
      "integrity": "sha512-Qn0FCSwCQnpnj6SB31I6i2sIKgKWnkbJM8O0EU91Gv2UsYVvtZTl6IA0sCwk2e2MZf5S8w5hpq9QkeVvK9qwxg==",
      "dev": true,
      "license": "MIT",
      "dependencies": {
        "@deepseek-ai/cosmokit": "^1.8.2",
        "@standard-schema/spec": "^1.1.0"
      }
    },
    "node_modules/@standard-schema/spec": {
      "version": "1.1.0",
      "resolved": "https://repo.huaweicloud.com/repository/npm/@standard-schema/spec/-/spec-1.1.0.tgz",
      "integrity": "sha512-l2aFy5jALhniG5HgqrD6jXLi/rUWrKvqN/qJx6yoJsgKhblVd+iqqU4RCXavm/jPityDo5TCvKMnpjKnOriy0w==",
      "dev": true,
      "license": "MIT"
    },
    "node_modules/@types/node": {
      "version": "22.20.1",
      "resolved": "https://repo.huaweicloud.com/repository/npm/@types/node/-/node-22.20.1.tgz",
      "integrity": "sha512-EANqOCF9QFyra+4pfxUcX9STKJpCLjMbObVzljIJomAWSnuSIEAvyzEU53GaajbXJEgdh0iEcPL+DGvpUd4k1Q==",
      "dev": true,
      "license": "MIT",
      "dependencies": {
        "undici-types": "~6.21.0"
      }
    },
    "node_modules/typescript": {
      "version": "5.9.3",
      "resolved": "https://repo.huaweicloud.com/repository/npm/typescript/-/typescript-5.9.3.tgz",
      "integrity": "sha512-jl1vZzPDinLr9eUt3J/t7V6FgNEw9QjvBPdysz9KfQDD41fQrC2Y4vKQdiaUpFT4bXlb1RHhLpp8wtm6M5TgSw==",
      "dev": true,
      "license": "Apache-2.0",
      "bin": {
        "tsc": "bin/tsc",
        "tsserver": "bin/tsserver"
      },
      "engines": {
        "node": ">=14.17"
      }
    },
    "node_modules/undici-types": {
      "version": "6.21.0",
      "resolved": "https://repo.huaweicloud.com/repository/npm/undici-types/-/undici-types-6.21.0.tgz",
      "integrity": "sha512-iwDZqg0QAGrg9Rav5H4n0M64c3mkR59cJ6wQp+7C4nI0gsmExaedaYLNO44eT4AtBBwjbTiGPMlt2Md0T9H9JQ==",
      "dev": true,
      "license": "MIT"
    }
  }
}
